
Microsoft Visual Studio Solution File, Format Version 12.00
# Visual Studio Version 17
VisualStudioVersion = 17.11.35208.52
MinimumVisualStudioVersion = 10.0.40219.1
Project("{FAE04EC0-301F-11D3-BF4B-00C04F79EFBC}") = "csharpCourse", "csharpCourse.csproj", "{9BF28361-E60E-4780-8F94-BA91E17B3CFE}"
EndProject
Global
	GlobalSection(SolutionConfigurationPlatforms) = preSolution
		Debug|Any CPU = Debug|Any CPU
		Release|Any CPU = Release|Any CPU
	EndGlobalSection
	GlobalSection(ProjectConfigurationPlatforms) = postSolution
		{9BF28361-E60E-4780-8F94-BA91E17B3CFE}.Debug|Any CPU.ActiveCfg = Debug|Any CPU
		{9BF28361-E60E-4780-8F94-BA91E17B3CFE}.Debug|Any CPU.Build.0 = Debug|Any CPU
		{9BF28361-E60E-4780-8F94-BA91E17B3CFE}.Release|Any CPU.ActiveCfg = Release|Any CPU
		{9BF28361-E60E-4780-8F94-BA91E17B3CFE}.Release|Any CPU.Build.0 = Release|Any CPU
	EndGlobalSection
	GlobalSection(SolutionProperties) = preSolution
		HideSolutionNode = FALSE
	EndGlobalSection
	GlobalSection(ExtensibilityGlobals) = postSolution
		SolutionGuid = {6851C248-4902-46A5-A7A4-85FA552D916A}
	EndGlobalSection
EndGlobal
